{
  "requires": true,
  "lockfileVersion": 1,
  "dependencies": {
    "plkujaw-palindrome": {
      "version": "0.1.1",
      "resolved": "https://registry.npmjs.org/plkujaw-palindrome/-/plkujaw-palindrome-0.1.1.tgz",
      "integrity": "sha512-r5GMbLR5JOpFXi/UNSaWJreZEz7dU0T1d8yU/fbSDImxlXzLrn9h61w/V5ZwDu+a//1xd0lqP+NEg9MgVzawAg=="
    }
  }
}
