{
  "requires": true,
  "lockfileVersion": 1,
  "dependencies": {
    "plkujaw-palindrome": {
      "version": "0.1.0",
      "resolved": "https://registry.npmjs.org/plkujaw-palindrome/-/plkujaw-palindrome-0.1.0.tgz",
      "integrity": "sha512-TPxVsMokUzegi+x8yPu32NVRIWmvDOHbqb8E3vDIn9rG1ePfXQPI2Yd5eSmwuB2X2zXnbpV2rKSVNvcF9DsF7Q=="
    }
  }
}
